// !$*UTF8*$!
{
	archiveVersion = 1;
	classes = {
	};
	objectVersion = 56;
	objects = {

/* Begin PBXBuildFile section */
		ECC42306299248BD000B5CD3 /* AlertModel.swift in Sources */ = {isa = PBXBuildFile; fileRef = ECC42305299248BD000B5CD3 /* AlertModel.swift */; };
		ECC4230829925C08000B5CD3 /* UIButton+Ext.swift in Sources */ = {isa = PBXBuildFile; fileRef = ECC4230729925C08000B5CD3 /* UIButton+Ext.swift */; };
		ECC65E3629914A6E00BC8CB5 /* CollectionViewSecond.swift in Sources */ = {isa = PBXBuildFile; fileRef = ECC65E3529914A6E00BC8CB5 /* CollectionViewSecond.swift */; };
		ECC73222298FA08C000B4430 /* Model.swift in Sources */ = {isa = PBXBuildFile; fileRef = ECC73221298FA08C000B4430 /* Model.swift */; };
		ECE9C2CC298F0889009180C5 /* AppDelegate.swift in Sources */ = {isa = PBXBuildFile; fileRef = ECE9C2CB298F0889009180C5 /* AppDelegate.swift */; };
		ECE9C2D0298F0889009180C5 /* ViewController.swift in Sources */ = {isa = PBXBuildFile; fileRef = ECE9C2CF298F0889009180C5 /* ViewController.swift */; };
		ECE9C2D5298F088A009180C5 /* Assets.xcassets in Resources */ = {isa = PBXBuildFile; fileRef = ECE9C2D4298F088A009180C5 /* Assets.xcassets */; };
		ECE9C2D8298F088A009180C5 /* LaunchScreen.storyboard in Resources */ = {isa = PBXBuildFile; fileRef = ECE9C2D6298F088A009180C5 /* LaunchScreen.storyboard */; };
		ECE9C2EA298F0C64009180C5 /* CommonColor.swift in Sources */ = {isa = PBXBuildFile; fileRef = ECE9C2E9298F0C64009180C5 /* CommonColor.swift */; };
		ECE9C2EC298F0C89009180C5 /* UIColor+Ext.swift in Sources */ = {isa = PBXBuildFile; fileRef = ECE9C2EB298F0C89009180C5 /* UIColor+Ext.swift */; };
		ECE9C2EE298F0CB2009180C5 /* UIFont+Ext.swift in Sources */ = {isa = PBXBuildFile; fileRef = ECE9C2ED298F0CB2009180C5 /* UIFont+Ext.swift */; };
		ECE9C2F0298F0CC3009180C5 /* UILabel+Ext.swift in Sources */ = {isa = PBXBuildFile; fileRef = ECE9C2EF298F0CC3009180C5 /* UILabel+Ext.swift */; };
		ECE9C2F2298F0CF2009180C5 /* PresentationViewController.swift in Sources */ = {isa = PBXBuildFile; fileRef = ECE9C2F1298F0CF2009180C5 /* PresentationViewController.swift */; };
		ECE9C2F4298F0D73009180C5 /* SF-Pro-Display-Bold.ttf in Resources */ = {isa = PBXBuildFile; fileRef = ECE9C2F3298F0D73009180C5 /* SF-Pro-Display-Bold.ttf */; };
		ECE9C2F6298F0D88009180C5 /* SF-Pro-Display-Medium.ttf in Resources */ = {isa = PBXBuildFile; fileRef = ECE9C2F5298F0D88009180C5 /* SF-Pro-Display-Medium.ttf */; };
		ECE9C2F8298F0D95009180C5 /* SF-Pro-Display-Regular.ttf in Resources */ = {isa = PBXBuildFile; fileRef = ECE9C2F7298F0D95009180C5 /* SF-Pro-Display-Regular.ttf */; };
		ECE9C2FA298F1100009180C5 /* CollectionView.swift in Sources */ = {isa = PBXBuildFile; fileRef = ECE9C2F9298F1100009180C5 /* CollectionView.swift */; };
		ECE9C2FD298F11D4009180C5 /* CollectionViewCell.swift in Sources */ = {isa = PBXBuildFile; fileRef = ECE9C2FC298F11D4009180C5 /* CollectionViewCell.swift */; };
/* End PBXBuildFile section */

/* Begin PBXFileReference section */
		ECC42305299248BD000B5CD3 /* AlertModel.swift */ = {isa = PBXFileReference; lastKnownFileType = sourcecode.swift; path = AlertModel.swift; sourceTree = "<group>"; };
		ECC4230729925C08000B5CD3 /* UIButton+Ext.swift */ = {isa = PBXFileReference; lastKnownFileType = sourcecode.swift; path = "UIButton+Ext.swift"; sourceTree = "<group>"; };
		ECC65E3529914A6E00BC8CB5 /* CollectionViewSecond.swift */ = {isa = PBXFileReference; lastKnownFileType = sourcecode.swift; path = CollectionViewSecond.swift; sourceTree = "<group>"; };
		ECC73221298FA08C000B4430 /* Model.swift */ = {isa = PBXFileReference; lastKnownFileType = sourcecode.swift; path = Model.swift; sourceTree = "<group>"; };
		ECE9C2C8298F0889009180C5 /* SurfTask.app */ = {isa = PBXFileReference; explicitFileType = wrapper.application; includeInIndex = 0; path = SurfTask.app; sourceTree = BUILT_PRODUCTS_DIR; };
		ECE9C2CB298F0889009180C5 /* AppDelegate.swift */ = {isa = PBXFileReference; lastKnownFileType = sourcecode.swift; path = AppDelegate.swift; sourceTree = "<group>"; };
		ECE9C2CF298F0889009180C5 /* ViewController.swift */ = {isa = PBXFileReference; lastKnownFileType = sourcecode.swift; path = ViewController.swift; sourceTree = "<group>"; };
		ECE9C2D4298F088A009180C5 /* Assets.xcassets */ = {isa = PBXFileReference; lastKnownFileType = folder.assetcatalog; path = Assets.xcassets; sourceTree = "<group>"; };
		ECE9C2D7298F088A009180C5 /* Base */ = {isa = PBXFileReference; lastKnownFileType = file.storyboard; name = Base; path = Base.lproj/LaunchScreen.storyboard; sourceTree = "<group>"; };
		ECE9C2D9298F088A009180C5 /* Info.plist */ = {isa = PBXFileReference; lastKnownFileType = text.plist.xml; path = Info.plist; sourceTree = "<group>"; };
		ECE9C2E9298F0C64009180C5 /* CommonColor.swift */ = {isa = PBXFileReference; lastKnownFileType = sourcecode.swift; path = CommonColor.swift; sourceTree = "<group>"; };
		ECE9C2EB298F0C89009180C5 /* UIColor+Ext.swift */ = {isa = PBXFileReference; lastKnownFileType = sourcecode.swift; path = "UIColor+Ext.swift"; sourceTree = "<group>"; };
		ECE9C2ED298F0CB2009180C5 /* UIFont+Ext.swift */ = {isa = PBXFileReference; lastKnownFileType = sourcecode.swift; path = "UIFont+Ext.swift"; sourceTree = "<group>"; };
		ECE9C2EF298F0CC3009180C5 /* UILabel+Ext.swift */ = {isa = PBXFileReference; lastKnownFileType = sourcecode.swift; path = "UILabel+Ext.swift"; sourceTree = "<group>"; };
		ECE9C2F1298F0CF2009180C5 /* PresentationViewController.swift */ = {isa = PBXFileReference; lastKnownFileType = sourcecode.swift; path = PresentationViewController.swift; sourceTree = "<group>"; };
		ECE9C2F3298F0D73009180C5 /* SF-Pro-Display-Bold.ttf */ = {isa = PBXFileReference; lastKnownFileType = file; path = "SF-Pro-Display-Bold.ttf"; sourceTree = "<group>"; };
		ECE9C2F5298F0D88009180C5 /* SF-Pro-Display-Medium.ttf */ = {isa = PBXFileReference; lastKnownFileType = file; path = "SF-Pro-Display-Medium.ttf"; sourceTree = "<group>"; };
		ECE9C2F7298F0D95009180C5 /* SF-Pro-Display-Regular.ttf */ = {isa = PBXFileReference; lastKnownFileType = file; path = "SF-Pro-Display-Regular.ttf"; sourceTree = "<group>"; };
		ECE9C2F9298F1100009180C5 /* CollectionView.swift */ = {isa = PBXFileReference; lastKnownFileType = sourcecode.swift; path = CollectionView.swift; sourceTree = "<group>"; };
		ECE9C2FC298F11D4009180C5 /* CollectionViewCell.swift */ = {isa = PBXFileReference; lastKnownFileType = sourcecode.swift; path = CollectionViewCell.swift; sourceTree = "<group>"; };
/* End PBXFileReference section */

/* Begin PBXFrameworksBuildPhase section */
		ECE9C2C5298F0889009180C5 /* Frameworks */ = {
			isa = PBXFrameworksBuildPhase;
			buildActionMask = 2147483647;
			files = (
			);
			runOnlyForDeploymentPostprocessing = 0;
		};
/* End PBXFrameworksBuildPhase section */

/* Begin PBXGroup section */
		ECC73220298FA07D000B4430 /* Model */ = {
			isa = PBXGroup;
			children = (
				ECC73221298FA08C000B4430 /* Model.swift */,
				ECC42305299248BD000B5CD3 /* AlertModel.swift */,
			);
			path = Model;
			sourceTree = "<group>";
		};
		ECE9C2BF298F0889009180C5 = {
			isa = PBXGroup;
			children = (
				ECE9C2CA298F0889009180C5 /* SurfTask */,
				ECE9C2C9298F0889009180C5 /* Products */,
			);
			sourceTree = "<group>";
		};
		ECE9C2C9298F0889009180C5 /* Products */ = {
			isa = PBXGroup;
			children = (
				ECE9C2C8298F0889009180C5 /* SurfTask.app */,
			);
			name = Products;
			sourceTree = "<group>";
		};
		ECE9C2CA298F0889009180C5 /* SurfTask */ = {
			isa = PBXGroup;
			children = (
				ECE9C2DF298F0996009180C5 /* Common */,
				ECE9C2E2298F09BA009180C5 /* App */,
				ECE9C2E4298F09D0009180C5 /* Sources */,
				ECE9C2E6298F09E0009180C5 /* Resources */,
			);
			path = SurfTask;
			sourceTree = "<group>";
		};
		ECE9C2DF298F0996009180C5 /* Common */ = {
			isa = PBXGroup;
			children = (
				ECE9C2E8298F0C35009180C5 /* Untils */,
				ECE9C2E1298F09AC009180C5 /* Extensions */,
			);
			path = Common;
			sourceTree = "<group>";
		};
		ECE9C2E1298F09AC009180C5 /* Extensions */ = {
			isa = PBXGroup;
			children = (
				ECE9C2EB298F0C89009180C5 /* UIColor+Ext.swift */,
				ECE9C2ED298F0CB2009180C5 /* UIFont+Ext.swift */,
				ECE9C2EF298F0CC3009180C5 /* UILabel+Ext.swift */,
				ECC4230729925C08000B5CD3 /* UIButton+Ext.swift */,
			);
			path = Extensions;
			sourceTree = "<group>";
		};
		ECE9C2E2298F09BA009180C5 /* App */ = {
			isa = PBXGroup;
			children = (
				ECE9C2CB298F0889009180C5 /* AppDelegate.swift */,
				ECE9C2D6298F088A009180C5 /* LaunchScreen.storyboard */,
				ECE9C2E3298F09C3009180C5 /* Settings */,
			);
			path = App;
			sourceTree = "<group>";
		};
		ECE9C2E3298F09C3009180C5 /* Settings */ = {
			isa = PBXGroup;
			children = (
				ECE9C2D9298F088A009180C5 /* Info.plist */,
			);
			path = Settings;
			sourceTree = "<group>";
		};
		ECE9C2E4298F09D0009180C5 /* Sources */ = {
			isa = PBXGroup;
			children = (
				ECC73220298FA07D000B4430 /* Model */,
				ECE9C2E5298F09D9009180C5 /* Main */,
			);
			path = Sources;
			sourceTree = "<group>";
		};
		ECE9C2E5298F09D9009180C5 /* Main */ = {
			isa = PBXGroup;
			children = (
				ECE9C2CF298F0889009180C5 /* ViewController.swift */,
				ECE9C2F1298F0CF2009180C5 /* PresentationViewController.swift */,
				ECE9C2F9298F1100009180C5 /* CollectionView.swift */,
				ECC65E3529914A6E00BC8CB5 /* CollectionViewSecond.swift */,
				ECE9C2FB298F11C0009180C5 /* Cell */,
			);
			path = Main;
			sourceTree = "<group>";
		};
		ECE9C2E6298F09E0009180C5 /* Resources */ = {
			isa = PBXGroup;
			children = (
				ECE9C2E7298F0A37009180C5 /* Font */,
				ECE9C2D4298F088A009180C5 /* Assets.xcassets */,
			);
			path = Resources;
			sourceTree = "<group>";
		};
		ECE9C2E7298F0A37009180C5 /* Font */ = {
			isa = PBXGroup;
			children = (
				ECE9C2F3298F0D73009180C5 /* SF-Pro-Display-Bold.ttf */,
				ECE9C2F5298F0D88009180C5 /* SF-Pro-Display-Medium.ttf */,
				ECE9C2F7298F0D95009180C5 /* SF-Pro-Display-Regular.ttf */,
			);
			path = Font;
			sourceTree = "<group>";
		};
		ECE9C2E8298F0C35009180C5 /* Untils */ = {
			isa = PBXGroup;
			children = (
				ECE9C2E9298F0C64009180C5 /* CommonColor.swift */,
			);
			path = Untils;
			sourceTree = "<group>";
		};
		ECE9C2FB298F11C0009180C5 /* Cell */ = {
			isa = PBXGroup;
			children = (
				ECE9C2FC298F11D4009180C5 /* CollectionViewCell.swift */,
			);
			path = Cell;
			sourceTree = "<group>";
		};
/* End PBXGroup section */

/* Begin PBXNativeTarget section */
		ECE9C2C7298F0889009180C5 /* SurfTask */ = {
			isa = PBXNativeTarget;
			buildConfigurationList = ECE9C2DC298F088A009180C5 /* Build configuration list for PBXNativeTarget "SurfTask" */;
			buildPhases = (
				ECE9C2C4298F0889009180C5 /* Sources */,
				ECE9C2C5298F0889009180C5 /* Frameworks */,
				ECE9C2C6298F0889009180C5 /* Resources */,
			);
			buildRules = (
			);
			dependencies = (
			);
			name = SurfTask;
			productName = SurfTask;
			productReference = ECE9C2C8298F0889009180C5 /* SurfTask.app */;
			productType = "com.apple.product-type.application";
		};
/* End PBXNativeTarget section */

/* Begin PBXProject section */
		ECE9C2C0298F0889009180C5 /* Project object */ = {
			isa = PBXProject;
			attributes = {
				BuildIndependentTargetsInParallel = 1;
				LastSwiftUpdateCheck = 1400;
				LastUpgradeCheck = 1400;
				TargetAttributes = {
					ECE9C2C7298F0889009180C5 = {
						CreatedOnToolsVersion = 14.0.1;
					};
				};
			};
			buildConfigurationList = ECE9C2C3298F0889009180C5 /* Build configuration list for PBXProject "SurfTask" */;
			compatibilityVersion = "Xcode 14.0";
			developmentRegion = en;
			hasScannedForEncodings = 0;
			knownRegions = (
				en,
				Base,
			);
			mainGroup = ECE9C2BF298F0889009180C5;
			productRefGroup = ECE9C2C9298F0889009180C5 /* Products */;
			projectDirPath = "";
			projectRoot = "";
			targets = (
				ECE9C2C7298F0889009180C5 /* SurfTask */,
			);
		};
/* End PBXProject section */

/* Begin PBXResourcesBuildPhase section */
		ECE9C2C6298F0889009180C5 /* Resources */ = {
			isa = PBXResourcesBuildPhase;
			buildActionMask = 2147483647;
			files = (
				ECE9C2D8298F088A009180C5 /* LaunchScreen.storyboard in Resources */,
				ECE9C2F6298F0D88009180C5 /* SF-Pro-Display-Medium.ttf in Resources */,
				ECE9C2D5298F088A009180C5 /* Assets.xcassets in Resources */,
				ECE9C2F8298F0D95009180C5 /* SF-Pro-Display-Regular.ttf in Resources */,
				ECE9C2F4298F0D73009180C5 /* SF-Pro-Display-Bold.ttf in Resources */,
			);
			runOnlyForDeploymentPostprocessing = 0;
		};
/* End PBXResourcesBuildPhase section */

/* Begin PBXSourcesBuildPhase section */
		ECE9C2C4298F0889009180C5 /* Sources */ = {
			isa = PBXSourcesBuildPhase;
			buildActionMask = 2147483647;
			files = (
				ECE9C2D0298F0889009180C5 /* ViewController.swift in Sources */,
				ECE9C2EC298F0C89009180C5 /* UIColor+Ext.swift in Sources */,
				ECE9C2FD298F11D4009180C5 /* CollectionViewCell.swift in Sources */,
				ECE9C2EA298F0C64009180C5 /* CommonColor.swift in Sources */,
				ECC42306299248BD000B5CD3 /* AlertModel.swift in Sources */,
				ECE9C2CC298F0889009180C5 /* AppDelegate.swift in Sources */,
				ECC73222298FA08C000B4430 /* Model.swift in Sources */,
				ECC65E3629914A6E00BC8CB5 /* CollectionViewSecond.swift in Sources */,
				ECE9C2F0298F0CC3009180C5 /* UILabel+Ext.swift in Sources */,
				ECC4230829925C08000B5CD3 /* UIButton+Ext.swift in Sources */,
				ECE9C2F2298F0CF2009180C5 /* PresentationViewController.swift in Sources */,
				ECE9C2FA298F1100009180C5 /* CollectionView.swift in Sources */,
				ECE9C2EE298F0CB2009180C5 /* UIFont+Ext.swift in Sources */,
			);
			runOnlyForDeploymentPostprocessing = 0;
		};
/* End PBXSourcesBuildPhase section */

/* Begin PBXVariantGroup section */
		ECE9C2D6298F088A009180C5 /* LaunchScreen.storyboard */ = {
			isa = PBXVariantGroup;
			children = (
				ECE9C2D7298F088A009180C5 /* Base */,
			);
			name = LaunchScreen.storyboard;
			sourceTree = "<group>";
		};
/* End PBXVariantGroup section */

/* Begin XCBuildConfiguration section */
		ECE9C2DA298F088A009180C5 /* Debug */ = {
			isa = XCBuildConfiguration;
			buildSettings = {
				ALWAYS_SEARCH_USER_PATHS = NO;
				CLANG_ANALYZER_NONNULL = YES;
				CLANG_ANALYZER_NUMBER_OBJECT_CONVERSION = YES_AGGRESSIVE;
				CLANG_CXX_LANGUAGE_STANDARD = "gnu++20";
				CLANG_ENABLE_MODULES = YES;
				CLANG_ENABLE_OBJC_ARC = YES;
				CLANG_ENABLE_OBJC_WEAK = YES;
				CLANG_WARN_BLOCK_CAPTURE_AUTORELEASING = YES;
				CLANG_WARN_BOOL_CONVERSION = YES;
				CLANG_WARN_COMMA = YES;
				CLANG_WARN_CONSTANT_CONVERSION = YES;
				CLANG_WARN_DEPRECATED_OBJC_IMPLEMENTATIONS = YES;
				CLANG_WARN_DIRECT_OBJC_ISA_USAGE = YES_ERROR;
				CLANG_WARN_DOCUMENTATION_COMMENTS = YES;
				CLANG_WARN_EMPTY_BODY = YES;
				CLANG_WARN_ENUM_CONVERSION = YES;
				CLANG_WARN_INFINITE_RECURSION = YES;
				CLANG_WARN_INT_CONVERSION = YES;
				CLANG_WARN_NON_LITERAL_NULL_CONVERSION = YES;
				CLANG_WARN_OBJC_IMPLICIT_RETAIN_SELF = YES;
				CLANG_WARN_OBJC_LITERAL_CONVERSION = YES;
				CLANG_WARN_OBJC_ROOT_CLASS = YES_ERROR;
				CLANG_WARN_QUOTED_INCLUDE_IN_FRAMEWORK_HEADER = YES;
				CLANG_WARN_RANGE_LOOP_ANALYSIS = YES;
				CLANG_WARN_STRICT_PROTOTYPES = YES;
				CLANG_WARN_SUSPICIOUS_MOVE = YES;
				CLANG_WARN_UNGUARDED_AVAILABILITY = YES_AGGRESSIVE;
				CLANG_WARN_UNREACHABLE_CODE = YES;
				CLANG_WARN__DUPLICATE_METHOD_MATCH = YES;
				COPY_PHASE_STRIP = NO;
				DEBUG_INFORMATION_FORMAT = dwarf;
				ENABLE_STRICT_OBJC_MSGSEND = YES;
				ENABLE_TESTABILITY = YES;
				GCC_C_LANGUAGE_STANDARD = gnu11;
				GCC_DYNAMIC_NO_PIC = NO;
				GCC_NO_COMMON_BLOCKS = YES;
				GCC_OPTIMIZATION_LEVEL = 0;
				GCC_PREPROCESSOR_DEFINITIONS = (
					"DEBUG=1",
					"$(inherited)",
				);
				GCC_WARN_64_TO_32_BIT_CONVERSION = YES;
				GCC_WARN_ABOUT_RETURN_TYPE = YES_ERROR;
				GCC_WARN_UNDECLARED_SELECTOR = YES;
				GCC_WARN_UNINITIALIZED_AUTOS = YES_AGGRESSIVE;
				GCC_WARN_UNUSED_FUNCTION = YES;
				GCC_WARN_UNUSED_VARIABLE = YES;
				IPHONEOS_DEPLOYMENT_TARGET = 16.0;
				MTL_ENABLE_DEBUG_INFO = INCLUDE_SOURCE;
				MTL_FAST_MATH = YES;
				ONLY_ACTIVE_ARCH = YES;
				SDKROOT = iphoneos;
				SWIFT_ACTIVE_COMPILATION_CONDITIONS = DEBUG;
				SWIFT_OPTIMIZATION_LEVEL = "-Onone";
			};
			name = Debug;
		};
		ECE9C2DB298F088A009180C5 /* Release */ = {
			isa = XCBuildConfiguration;
			buildSettings = {
				ALWAYS_SEARCH_USER_PATHS = NO;
				CLANG_ANALYZER_NONNULL = YES;
				CLANG_ANALYZER_NUMBER_OBJECT_CONVERSION = YES_AGGRESSIVE;
				CLANG_CXX_LANGUAGE_STANDARD = "gnu++20";
				CLANG_ENABLE_MODULES = YES;
				CLANG_ENABLE_OBJC_ARC = YES;
				CLANG_ENABLE_OBJC_WEAK = YES;
				CLANG_WARN_BLOCK_CAPTURE_AUTORELEASING = YES;
				CLANG_WARN_BOOL_CONVERSION = YES;
				CLANG_WARN_COMMA = YES;
				CLANG_WARN_CONSTANT_CONVERSION = YES;
				CLANG_WARN_DEPRECATED_OBJC_IMPLEMENTATIONS = YES;
				CLANG_WARN_DIRECT_OBJC_ISA_USAGE = YES_ERROR;
				CLANG_WARN_DOCUMENTATION_COMMENTS = YES;
				CLANG_WARN_EMPTY_BODY = YES;
				CLANG_WARN_ENUM_CONVERSION = YES;
				CLANG_WARN_INFINITE_RECURSION = YES;
				CLANG_WARN_INT_CONVERSION = YES;
				CLANG_WARN_NON_LITERAL_NULL_CONVERSION = YES;
				CLANG_WARN_OBJC_IMPLICIT_RETAIN_SELF = YES;
				CLANG_WARN_OBJC_LITERAL_CONVERSION = YES;
				CLANG_WARN_OBJC_ROOT_CLASS = YES_ERROR;
				CLANG_WARN_QUOTED_INCLUDE_IN_FRAMEWORK_HEADER = YES;
				CLANG_WARN_RANGE_LOOP_ANALYSIS = YES;
				CLANG_WARN_STRICT_PROTOTYPES = YES;
				CLANG_WARN_SUSPICIOUS_MOVE = YES;
				CLANG_WARN_UNGUARDED_AVAILABILITY = YES_AGGRESSIVE;
				CLANG_WARN_UNREACHABLE_CODE = YES;
				CLANG_WARN__DUPLICATE_METHOD_MATCH = YES;
				COPY_PHASE_STRIP = NO;
				DEBUG_INFORMATION_FORMAT = "dwarf-with-dsym";
				ENABLE_NS_ASSERTIONS = NO;
				ENABLE_STRICT_OBJC_MSGSEND = YES;
				GCC_C_LANGUAGE_STANDARD = gnu11;
				GCC_NO_COMMON_BLOCKS = YES;
				GCC_WARN_64_TO_32_BIT_CONVERSION = YES;
				GCC_WARN_ABOUT_RETURN_TYPE = YES_ERROR;
				GCC_WARN_UNDECLARED_SELECTOR = YES;
				GCC_WARN_UNINITIALIZED_AUTOS = YES_AGGRESSIVE;
				GCC_WARN_UNUSED_FUNCTION = YES;
				GCC_WARN_UNUSED_VARIABLE = YES;
				IPHONEOS_DEPLOYMENT_TARGET = 16.0;
				MTL_ENABLE_DEBUG_INFO = NO;
				MTL_FAST_MATH = YES;
				SDKROOT = iphoneos;
				SWIFT_COMPILATION_MODE = wholemodule;
				SWIFT_OPTIMIZATION_LEVEL = "-O";
				VALIDATE_PRODUCT = YES;
			};
			name = Release;
		};
		ECE9C2DD298F088A009180C5 /* Debug */ = {
			isa = XCBuildConfiguration;
			buildSettings = {
				ASSETCATALOG_COMPILER_APPICON_NAME = AppIcon;
				ASSETCATALOG_COMPILER_GLOBAL_ACCENT_COLOR_NAME = AccentColor;
				CODE_SIGN_STYLE = Automatic;
				CURRENT_PROJECT_VERSION = 1;
				DEVELOPMENT_TEAM = 3496F3A4HL;
				GENERATE_INFOPLIST_FILE = YES;
				INFOPLIST_FILE = SurfTask/App/Settings/Info.plist;
				INFOPLIST_KEY_UIApplicationSupportsIndirectInputEvents = YES;
				INFOPLIST_KEY_UILaunchStoryboardName = LaunchScreen;
				INFOPLIST_KEY_UIMainStoryboardFile = "";
				INFOPLIST_KEY_UISupportedInterfaceOrientations = UIInterfaceOrientationPortrait;
				INFOPLIST_KEY_UISupportedInterfaceOrientations_iPad = "UIInterfaceOrientationLandscapeLeft UIInterfaceOrientationLandscapeRight UIInterfaceOrientationPortrait UIInterfaceOrientationPortraitUpsideDown";
				IPHONEOS_DEPLOYMENT_TARGET = 14.0;
				LD_RUNPATH_SEARCH_PATHS = (
					"$(inherited)",
					"@executable_path/Frameworks",
				);
				MARKETING_VERSION = 1.0;
				PRODUCT_BUNDLE_IDENTIFIER = com.my.SurfTask;
				PRODUCT_NAME = "$(TARGET_NAME)";
				SUPPORTED_PLATFORMS = "iphoneos iphonesimulator";
				SUPPORTS_MACCATALYST = NO;
				SUPPORTS_MAC_DESIGNED_FOR_IPHONE_IPAD = NO;
				SWIFT_EMIT_LOC_STRINGS = YES;
				SWIFT_VERSION = 5.0;
				TARGETED_DEVICE_FAMILY = 1;
			};
			name = Debug;
		};
		ECE9C2DE298F088A009180C5 /* Release */ = {
			isa = XCBuildConfiguration;
			buildSettings = {
				ASSETCATALOG_COMPILER_APPICON_NAME = AppIcon;
				ASSETCATALOG_COMPILER_GLOBAL_ACCENT_COLOR_NAME = AccentColor;
				CODE_SIGN_STYLE = Automatic;
				CURRENT_PROJECT_VERSION = 1;
				DEVELOPMENT_TEAM = 3496F3A4HL;
				GENERATE_INFOPLIST_FILE = YES;
				INFOPLIST_FILE = SurfTask/App/Settings/Info.plist;
				INFOPLIST_KEY_UIApplicationSupportsIndirectInputEvents = YES;
				INFOPLIST_KEY_UILaunchStoryboardName = LaunchScreen;
				INFOPLIST_KEY_UIMainStoryboardFile = "";
				INFOPLIST_KEY_UISupportedInterfaceOrientations = UIInterfaceOrientationPortrait;
				INFOPLIST_KEY_UISupportedInterfaceOrientations_iPad = "UIInterfaceOrientationLandscapeLeft UIInterfaceOrientationLandscapeRight UIInterfaceOrientationPortrait UIInterfaceOrientationPortraitUpsideDown";
				IPHONEOS_DEPLOYMENT_TARGET = 14.0;
				LD_RUNPATH_SEARCH_PATHS = (
					"$(inherited)",
					"@executable_path/Frameworks",
				);
				MARKETING_VERSION = 1.0;
				PRODUCT_BUNDLE_IDENTIFIER = com.my.SurfTask;
				PRODUCT_NAME = "$(TARGET_NAME)";
				SUPPORTED_PLATFORMS = "iphoneos iphonesimulator";
				SUPPORTS_MACCATALYST = NO;
				SUPPORTS_MAC_DESIGNED_FOR_IPHONE_IPAD = NO;
				SWIFT_EMIT_LOC_STRINGS = YES;
				SWIFT_VERSION = 5.0;
				TARGETED_DEVICE_FAMILY = 1;
			};
			name = Release;
		};
/* End XCBuildConfiguration section */

/* Begin XCConfigurationList section */
		ECE9C2C3298F0889009180C5 /* Build configuration list for PBXProject "SurfTask" */ = {
			isa = XCConfigurationList;
			buildConfigurations = (
				ECE9C2DA298F088A009180C5 /* Debug */,
				ECE9C2DB298F088A009180C5 /* Release */,
			);
			defaultConfigurationIsVisible = 0;
			defaultConfigurationName = Release;
		};
		ECE9C2DC298F088A009180C5 /* Build configuration list for PBXNativeTarget "SurfTask" */ = {
			isa = XCConfigurationList;
			buildConfigurations = (
				ECE9C2DD298F088A009180C5 /* Debug */,
				ECE9C2DE298F088A009180C5 /* Release */,
			);
			defaultConfigurationIsVisible = 0;
			defaultConfigurationName = Release;
		};
/* End XCConfigurationList section */
	};
	rootObject = ECE9C2C0298F0889009180C5 /* Project object */;
}
